{
  "name": "july17-playwright-linkup",
  "version": "1.0.0",
  "lockfileVersion": 3,
  "requires": true,
  "packages": {
    "": {
      "name": "july17-playwright-linkup",
      "version": "1.0.0",
      "license": "ISC",
      "dependencies": {
        "playwright": "^1.45.2"
      },
      "devDependencies": {
        "@playwright/test": "^1.45.2",
        "@types/node": "^20.14.11"
      }
    },
    "node_modules/@playwright/test": {
      "version": "1.45.2",
      "resolved": "https://unpm.uberinternal.com/%40playwright%2Ftest/-/test-1.45.2.tgz",
      "integrity": "sha1-4bhRLiCRZyDeHF9eiaNiolLqeMo=",
      "dev": true,
      "dependencies": {
        "playwright": "1.45.2"
      },
      "bin": {
        "playwright": "cli.js"
      },
      "engines": {
        "node": ">=18"
      }
    },
    "node_modules/@types/node": {
      "version": "20.14.11",
      "resolved": "https://unpm.uberinternal.com/%40types%2Fnode/-/node-20.14.11.tgz",
      "integrity": "sha1-CbMAQjNDRgRVBD3dTQ3tasV5t0s=",
      "dev": true,
      "dependencies": {
        "undici-types": "~5.26.4"
      }
    },
    "node_modules/fsevents": {
      "version": "2.3.2",
      "resolved": "https://unpm.uberinternal.com/fsevents/-/fsevents-2.3.2.tgz",
      "integrity": "sha1-ilJveLj99GI7cJ4Ll1xSwkwC/Ro=",
      "hasInstallScript": true,
      "optional": true,
      "os": [
        "darwin"
      ],
      "engines": {
        "node": "^8.16.0 || ^10.6.0 || >=11.0.0"
      }
    },
    "node_modules/playwright": {
      "version": "1.45.2",
      "resolved": "https://unpm.uberinternal.com/playwright/-/playwright-1.45.2.tgz",
      "integrity": "sha1-IQggchIKLIp+O7snkugeiqNnt6c=",
      "dependencies": {
        "playwright-core": "1.45.2"
      },
      "bin": {
        "playwright": "cli.js"
      },
      "engines": {
        "node": ">=18"
      },
      "optionalDependencies": {
        "fsevents": "2.3.2"
      }
    },
    "node_modules/playwright-core": {
      "version": "1.45.2",
      "resolved": "https://unpm.uberinternal.com/playwright-core/-/playwright-core-1.45.2.tgz",
      "integrity": "sha1-yLi39m7aR/sr0k5UNcktEWMCLfg=",
      "bin": {
        "playwright-core": "cli.js"
      },
      "engines": {
        "node": ">=18"
      }
    },
    "node_modules/undici-types": {
      "version": "5.26.5",
      "resolved": "https://unpm.uberinternal.com/undici-types/-/undici-types-5.26.5.tgz",
      "integrity": "sha1-vNU5iT0AtW6WT9JlekhmsiGmVhc=",
      "dev": true
    }
  }
}
